
Microsoft Visual Studio Solution File, Format Version 12.00
# Visual Studio Version 17
VisualStudioVersion = 17.9.34607.119
MinimumVisualStudioVersion = 10.0.40219.1
Project("{8BC9CEB8-8B4A-11D0-8D11-00A0C91BC942}") = "App", "App\App.vcxproj", "{6265B95B-3CAB-435C-AF93-99A76741698E}"
	ProjectSection(ProjectDependencies) = postProject
		{4B595089-D662-4E3D-A007-FFAA68A89D96} = {4B595089-D662-4E3D-A007-FFAA68A89D96}
		{9C20436A-FB7D-4306-9822-73AE601F854A} = {9C20436A-FB7D-4306-9822-73AE601F854A}
		{AB5C17C2-8DE7-43F2-A973-B37DAE262176} = {AB5C17C2-8DE7-43F2-A973-B37DAE262176}
		{E884423D-A884-4113-AD60-5726FCBE34B5} = {E884423D-A884-4113-AD60-5726FCBE34B5}
	EndProjectSection
EndProject
Project("{8BC9CEB8-8B4A-11D0-8D11-00A0C91BC942}") = "EngineBase", "EngineBase\EngineBase.vcxproj", "{E884423D-A884-4113-AD60-5726FCBE34B5}"
EndProject
Project("{8BC9CEB8-8B4A-11D0-8D11-00A0C91BC942}") = "EnginePlatform", "EnginePlatform\EnginePlatform.vcxproj", "{4B595089-D662-4E3D-A007-FFAA68A89D96}"
	ProjectSection(ProjectDependencies) = postProject
		{E884423D-A884-4113-AD60-5726FCBE34B5} = {E884423D-A884-4113-AD60-5726FCBE34B5}
	EndProjectSection
EndProject
Project("{8BC9CEB8-8B4A-11D0-8D11-00A0C91BC942}") = "EngineCore", "EngineCore\EngineCore.vcxproj", "{9C20436A-FB7D-4306-9822-73AE601F854A}"
	ProjectSection(ProjectDependencies) = postProject
		{4B595089-D662-4E3D-A007-FFAA68A89D96} = {4B595089-D662-4E3D-A007-FFAA68A89D96}
		{E884423D-A884-4113-AD60-5726FCBE34B5} = {E884423D-A884-4113-AD60-5726FCBE34B5}
	EndProjectSection
EndProject
Project("{8BC9CEB8-8B4A-11D0-8D11-00A0C91BC942}") = "EngineContents", "EngineContents\EngineContents.vcxproj", "{AB5C17C2-8DE7-43F2-A973-B37DAE262176}"
	ProjectSection(ProjectDependencies) = postProject
		{4B595089-D662-4E3D-A007-FFAA68A89D96} = {4B595089-D662-4E3D-A007-FFAA68A89D96}
		{9C20436A-FB7D-4306-9822-73AE601F854A} = {9C20436A-FB7D-4306-9822-73AE601F854A}
		{E884423D-A884-4113-AD60-5726FCBE34B5} = {E884423D-A884-4113-AD60-5726FCBE34B5}
	EndProjectSection
EndProject
Project("{2150E333-8FDC-42A3-9474-1A3956D46DE8}") = "Lv0", "Lv0", "{00101DD2-739E-471F-962D-B9CA6CFA30DD}"
EndProject
Project("{2150E333-8FDC-42A3-9474-1A3956D46DE8}") = "Lv1", "Lv1", "{97B50C87-6959-4F8E-9C93-9358F2A6C4EE}"
EndProject
Project("{2150E333-8FDC-42A3-9474-1A3956D46DE8}") = "Lv2", "Lv2", "{F22AACED-B9DD-4F03-A1FC-09286EE58A83}"
EndProject
Project("{2150E333-8FDC-42A3-9474-1A3956D46DE8}") = "Lv3", "Lv3", "{1336BBC5-D5C8-45A2-8A58-D1AAE31ADE9A}"
EndProject
Project("{2150E333-8FDC-42A3-9474-1A3956D46DE8}") = "Lv4", "Lv4", "{EF902D38-1E43-4DC3-938F-37D06FDE8B51}"
EndProject
Project("{8BC9CEB8-8B4A-11D0-8D11-00A0C91BC942}") = "EngineCoreShader", "EngineCoreShader\EngineCoreShader.vcxproj", "{9ECBF52C-E498-47DF-A23E-4DB898A44343}"
EndProject
Global
	GlobalSection(SolutionConfigurationPlatforms) = preSolution
		Debug|x64 = Debug|x64
		Debug|x86 = Debug|x86
		Release|x64 = Release|x64
		Release|x86 = Release|x86
	EndGlobalSection
	GlobalSection(ProjectConfigurationPlatforms) = postSolution
		{6265B95B-3CAB-435C-AF93-99A76741698E}.Debug|x64.ActiveCfg = Debug|x64
		{6265B95B-3CAB-435C-AF93-99A76741698E}.Debug|x64.Build.0 = Debug|x64
		{6265B95B-3CAB-435C-AF93-99A76741698E}.Debug|x86.ActiveCfg = Debug|Win32
		{6265B95B-3CAB-435C-AF93-99A76741698E}.Debug|x86.Build.0 = Debug|Win32
		{6265B95B-3CAB-435C-AF93-99A76741698E}.Release|x64.ActiveCfg = Release|x64
		{6265B95B-3CAB-435C-AF93-99A76741698E}.Release|x64.Build.0 = Release|x64
		{6265B95B-3CAB-435C-AF93-99A76741698E}.Release|x86.ActiveCfg = Release|Win32
		{6265B95B-3CAB-435C-AF93-99A76741698E}.Release|x86.Build.0 = Release|Win32
		{E884423D-A884-4113-AD60-5726FCBE34B5}.Debug|x64.ActiveCfg = Debug|x64
		{E884423D-A884-4113-AD60-5726FCBE34B5}.Debug|x64.Build.0 = Debug|x64
		{E884423D-A884-4113-AD60-5726FCBE34B5}.Debug|x86.ActiveCfg = Debug|Win32
		{E884423D-A884-4113-AD60-5726FCBE34B5}.Debug|x86.Build.0 = Debug|Win32
		{E884423D-A884-4113-AD60-5726FCBE34B5}.Release|x64.ActiveCfg = Release|x64
		{E884423D-A884-4113-AD60-5726FCBE34B5}.Release|x64.Build.0 = Release|x64
		{E884423D-A884-4113-AD60-5726FCBE34B5}.Release|x86.ActiveCfg = Release|Win32
		{E884423D-A884-4113-AD60-5726FCBE34B5}.Release|x86.Build.0 = Release|Win32
		{4B595089-D662-4E3D-A007-FFAA68A89D96}.Debug|x64.ActiveCfg = Debug|x64
		{4B595089-D662-4E3D-A007-FFAA68A89D96}.Debug|x64.Build.0 = Debug|x64
		{4B595089-D662-4E3D-A007-FFAA68A89D96}.Debug|x86.ActiveCfg = Debug|Win32
		{4B595089-D662-4E3D-A007-FFAA68A89D96}.Debug|x86.Build.0 = Debug|Win32
		{4B595089-D662-4E3D-A007-FFAA68A89D96}.Release|x64.ActiveCfg = Release|x64
		{4B595089-D662-4E3D-A007-FFAA68A89D96}.Release|x64.Build.0 = Release|x64
		{4B595089-D662-4E3D-A007-FFAA68A89D96}.Release|x86.ActiveCfg = Release|Win32
		{4B595089-D662-4E3D-A007-FFAA68A89D96}.Release|x86.Build.0 = Release|Win32
		{9C20436A-FB7D-4306-9822-73AE601F854A}.Debug|x64.ActiveCfg = Debug|x64
		{9C20436A-FB7D-4306-9822-73AE601F854A}.Debug|x64.Build.0 = Debug|x64
		{9C20436A-FB7D-4306-9822-73AE601F854A}.Debug|x86.ActiveCfg = Debug|Win32
		{9C20436A-FB7D-4306-9822-73AE601F854A}.Debug|x86.Build.0 = Debug|Win32
		{9C20436A-FB7D-4306-9822-73AE601F854A}.Release|x64.ActiveCfg = Release|x64
		{9C20436A-FB7D-4306-9822-73AE601F854A}.Release|x64.Build.0 = Release|x64
		{9C20436A-FB7D-4306-9822-73AE601F854A}.Release|x86.ActiveCfg = Release|Win32
		{9C20436A-FB7D-4306-9822-73AE601F854A}.Release|x86.Build.0 = Release|Win32
		{AB5C17C2-8DE7-43F2-A973-B37DAE262176}.Debug|x64.ActiveCfg = Debug|x64
		{AB5C17C2-8DE7-43F2-A973-B37DAE262176}.Debug|x64.Build.0 = Debug|x64
		{AB5C17C2-8DE7-43F2-A973-B37DAE262176}.Debug|x86.ActiveCfg = Debug|Win32
		{AB5C17C2-8DE7-43F2-A973-B37DAE262176}.Debug|x86.Build.0 = Debug|Win32
		{AB5C17C2-8DE7-43F2-A973-B37DAE262176}.Release|x64.ActiveCfg = Release|x64
		{AB5C17C2-8DE7-43F2-A973-B37DAE262176}.Release|x64.Build.0 = Release|x64
		{AB5C17C2-8DE7-43F2-A973-B37DAE262176}.Release|x86.ActiveCfg = Release|Win32
		{AB5C17C2-8DE7-43F2-A973-B37DAE262176}.Release|x86.Build.0 = Release|Win32
		{9ECBF52C-E498-47DF-A23E-4DB898A44343}.Debug|x64.ActiveCfg = Debug|x64
		{9ECBF52C-E498-47DF-A23E-4DB898A44343}.Debug|x64.Build.0 = Debug|x64
		{9ECBF52C-E498-47DF-A23E-4DB898A44343}.Debug|x86.ActiveCfg = Debug|Win32
		{9ECBF52C-E498-47DF-A23E-4DB898A44343}.Debug|x86.Build.0 = Debug|Win32
		{9ECBF52C-E498-47DF-A23E-4DB898A44343}.Release|x64.ActiveCfg = Release|x64
		{9ECBF52C-E498-47DF-A23E-4DB898A44343}.Release|x64.Build.0 = Release|x64
		{9ECBF52C-E498-47DF-A23E-4DB898A44343}.Release|x86.ActiveCfg = Release|Win32
		{9ECBF52C-E498-47DF-A23E-4DB898A44343}.Release|x86.Build.0 = Release|Win32
	EndGlobalSection
	GlobalSection(SolutionProperties) = preSolution
		HideSolutionNode = FALSE
	EndGlobalSection
	GlobalSection(NestedProjects) = preSolution
		{6265B95B-3CAB-435C-AF93-99A76741698E} = {EF902D38-1E43-4DC3-938F-37D06FDE8B51}
		{E884423D-A884-4113-AD60-5726FCBE34B5} = {00101DD2-739E-471F-962D-B9CA6CFA30DD}
		{4B595089-D662-4E3D-A007-FFAA68A89D96} = {97B50C87-6959-4F8E-9C93-9358F2A6C4EE}
		{9C20436A-FB7D-4306-9822-73AE601F854A} = {F22AACED-B9DD-4F03-A1FC-09286EE58A83}
		{AB5C17C2-8DE7-43F2-A973-B37DAE262176} = {1336BBC5-D5C8-45A2-8A58-D1AAE31ADE9A}
		{9ECBF52C-E498-47DF-A23E-4DB898A44343} = {F22AACED-B9DD-4F03-A1FC-09286EE58A83}
	EndGlobalSection
	GlobalSection(ExtensibilityGlobals) = postSolution
		SolutionGuid = {44C91D8A-9567-4231-8850-A93504DAACBA}
	EndGlobalSection
EndGlobal
