<?xml version="1.0" encoding="utf-8"?>
<Project ToolsVersion="4.0" xmlns="http://schemas.microsoft.com/developer/msbuild/2003">
  <ItemGroup>
    <ClInclude Include="EngineCore.h" />
    <ClInclude Include="EngineObject.h">
      <Filter>Object</Filter>
    </ClInclude>
    <ClInclude Include="EngineLevel.h">
      <Filter>Object\Level</Filter>
    </ClInclude>
    <ClInclude Include="EngineActor.h">
      <Filter>Object\Actor</Filter>
    </ClInclude>
    <ClInclude Include="EngineComponent.h">
      <Filter>Object\Component</Filter>
    </ClInclude>
    <ClInclude Include="PrecompileHeader.h">
      <Filter>PCH</Filter>
    </ClInclude>
    <ClInclude Include="EngineDirectX.h">
      <Filter>DirectX</Filter>
    </ClInclude>
    <ClInclude Include="imgui\imconfig.h">
      <Filter>GUI\imgui</Filter>
    </ClInclude>
    <ClInclude Include="imgui\imgui.h">
      <Filter>GUI\imgui</Filter>
    </ClInclude>
    <ClInclude Include="imgui\imgui_internal.h">
      <Filter>GUI\imgui</Filter>
    </ClInclude>
    <ClInclude Include="imgui\imstb_rectpack.h">
      <Filter>GUI\imgui</Filter>
    </ClInclude>
    <ClInclude Include="imgui\imstb_textedit.h">
      <Filter>GUI\imgui</Filter>
    </ClInclude>
    <ClInclude Include="imgui\imstb_truetype.h">
      <Filter>GUI\imgui</Filter>
    </ClInclude>
    <ClInclude Include="EngineGUI.h">
      <Filter>GUI</Filter>
    </ClInclude>
    <ClInclude Include="imgui\imgui_impl_dx11.h">
      <Filter>GUI\imgui</Filter>
    </ClInclude>
    <ClInclude Include="imgui\imgui_impl_win32.h">
      <Filter>GUI\imgui</Filter>
    </ClInclude>
    <ClInclude Include="EngineNameTag.h">
      <Filter>Object</Filter>
    </ClInclude>
    <ClInclude Include="ThirdParty\DirectXTex\inc\DirectXTex.h">
      <Filter>ThirdParty\DirectXTex\Header</Filter>
    </ClInclude>
    <ClInclude Include="ThirdParty\stb\stb_image.h">
      <Filter>ThirdParty\STB</Filter>
    </ClInclude>
    <ClInclude Include="EngineTransform.h">
      <Filter>Object</Filter>
    </ClInclude>
    <ClInclude Include="EngineRenderer.h">
      <Filter>Object\Component</Filter>
    </ClInclude>
    <ClInclude Include="EngineTexture.h">
      <Filter>Resorces</Filter>
    </ClInclude>
    <ClInclude Include="EngineResource.h">
      <Filter>Resorces</Filter>
    </ClInclude>
    <ClInclude Include="EngineViewportTarget.h">
      <Filter>Resorces</Filter>
    </ClInclude>
  </ItemGroup>
  <ItemGroup>
    <ClCompile Include="EngineCore.cpp" />
    <ClCompile Include="EngineObject.cpp">
      <Filter>Object</Filter>
    </ClCompile>
    <ClCompile Include="EngineLevel.cpp">
      <Filter>Object\Level</Filter>
    </ClCompile>
    <ClCompile Include="EngineActor.cpp">
      <Filter>Object\Actor</Filter>
    </ClCompile>
    <ClCompile Include="EngineComponent.cpp">
      <Filter>Object\Component</Filter>
    </ClCompile>
    <ClCompile Include="PrecompileHeader.cpp">
      <Filter>PCH</Filter>
    </ClCompile>
    <ClCompile Include="EngineDirectX.cpp">
      <Filter>DirectX</Filter>
    </ClCompile>
    <ClCompile Include="imgui\imgui.cpp">
      <Filter>GUI\imgui</Filter>
    </ClCompile>
    <ClCompile Include="imgui\imgui_demo.cpp">
      <Filter>GUI\imgui</Filter>
    </ClCompile>
    <ClCompile Include="imgui\imgui_draw.cpp">
      <Filter>GUI\imgui</Filter>
    </ClCompile>
    <ClCompile Include="imgui\imgui_tables.cpp">
      <Filter>GUI\imgui</Filter>
    </ClCompile>
    <ClCompile Include="imgui\imgui_widgets.cpp">
      <Filter>GUI\imgui</Filter>
    </ClCompile>
    <ClCompile Include="EngineGUI.cpp">
      <Filter>GUI</Filter>
    </ClCompile>
    <ClCompile Include="imgui\imgui_impl_dx11.cpp">
      <Filter>GUI\imgui</Filter>
    </ClCompile>
    <ClCompile Include="imgui\imgui_impl_win32.cpp">
      <Filter>GUI\imgui</Filter>
    </ClCompile>
    <ClCompile Include="EngineNameTag.cpp">
      <Filter>Object</Filter>
    </ClCompile>
    <ClCompile Include="EngineTransform.cpp">
      <Filter>Object</Filter>
    </ClCompile>
    <ClCompile Include="EngineRenderer.cpp">
      <Filter>Object\Component</Filter>
    </ClCompile>
    <ClCompile Include="EngineTexture.cpp">
      <Filter>Resorces</Filter>
    </ClCompile>
    <ClCompile Include="EngineResource.cpp">
      <Filter>Resorces</Filter>
    </ClCompile>
    <ClCompile Include="EngineViewportTarget.cpp">
      <Filter>Resorces</Filter>
    </ClCompile>
  </ItemGroup>
  <ItemGroup>
    <Filter Include="Object">
      <UniqueIdentifier>{f8c05134-bfc3-49a2-8313-4da621ae5fff}</UniqueIdentifier>
    </Filter>
    <Filter Include="Object\Actor">
      <UniqueIdentifier>{068389e7-ec6d-4867-9fe0-e820af87a232}</UniqueIdentifier>
    </Filter>
    <Filter Include="Object\Level">
      <UniqueIdentifier>{079bef41-74c8-4b42-a553-5ce086c339d0}</UniqueIdentifier>
    </Filter>
    <Filter Include="Object\Component">
      <UniqueIdentifier>{6eaab15c-0906-414c-8aa4-653aff6c600a}</UniqueIdentifier>
    </Filter>
    <Filter Include="DirectX">
      <UniqueIdentifier>{da4ad1d9-f6f9-4d9b-a237-7d3541bc06ab}</UniqueIdentifier>
    </Filter>
    <Filter Include="GUI">
      <UniqueIdentifier>{543fd875-1e29-4886-9333-7624cd11c801}</UniqueIdentifier>
    </Filter>
    <Filter Include="GUI\imgui">
      <UniqueIdentifier>{2004e405-f211-401b-955f-8267ed3d6a06}</UniqueIdentifier>
    </Filter>
    <Filter Include="Resorces">
      <UniqueIdentifier>{61591fe9-939b-4669-b3c3-90a8d2da3907}</UniqueIdentifier>
    </Filter>
    <Filter Include="ThirdParty">
      <UniqueIdentifier>{1d978d1d-ea98-4faf-ab9e-c7d4d2b1f014}</UniqueIdentifier>
    </Filter>
    <Filter Include="ThirdParty\DirectXTex">
      <UniqueIdentifier>{727b6015-e48b-4a42-ad4e-18683cc8ca27}</UniqueIdentifier>
    </Filter>
    <Filter Include="ThirdParty\DirectXTex\bin">
      <UniqueIdentifier>{67e1fec0-e600-4eb0-8129-8c3b076c658c}</UniqueIdentifier>
    </Filter>
    <Filter Include="ThirdParty\DirectXTex\Header">
      <UniqueIdentifier>{0fd9c99e-b30e-4213-8f07-b0ee207ebd36}</UniqueIdentifier>
    </Filter>
    <Filter Include="ThirdParty\DirectXTex\bin\Debug">
      <UniqueIdentifier>{809d0eb0-f249-40d2-a2ab-4f2a3f0fa383}</UniqueIdentifier>
    </Filter>
    <Filter Include="ThirdParty\DirectXTex\bin\Release">
      <UniqueIdentifier>{a55edd2f-45e6-4280-9040-fa290ea8bd72}</UniqueIdentifier>
    </Filter>
    <Filter Include="ThirdParty\STB">
      <UniqueIdentifier>{5575f1c8-83f0-4a90-bdd4-760196822b3b}</UniqueIdentifier>
    </Filter>
    <Filter Include="PCH">
      <UniqueIdentifier>{7e090830-0c7e-44e8-834b-699c5facaa76}</UniqueIdentifier>
    </Filter>
  </ItemGroup>
  <ItemGroup>
    <None Include="ThirdParty\DirectXTex\inc\DirectXTex.inl">
      <Filter>ThirdParty\DirectXTex\Header</Filter>
    </None>
  </ItemGroup>
  <ItemGroup>
    <CopyFileToFolders Include="..\ThirdParty\DirectXTex\bin\Release\DirectXTex.pdb">
      <Filter>ThirdParty\DirectXTex\bin\Release</Filter>
    </CopyFileToFolders>
    <CopyFileToFolders Include="..\ThirdParty\DirectXTex\bin\Release\DirectXTex.lib">
      <Filter>ThirdParty\DirectXTex\bin\Release</Filter>
    </CopyFileToFolders>
    <CopyFileToFolders Include="..\ThirdParty\DirectXTex\bin\Debug\DirectXTex.lib">
      <Filter>ThirdParty\DirectXTex\bin\Debug</Filter>
    </CopyFileToFolders>
    <CopyFileToFolders Include="..\ThirdParty\DirectXTex\bin\Debug\DirectXTex.pdb">
      <Filter>ThirdParty\DirectXTex\bin\Debug</Filter>
    </CopyFileToFolders>
  </ItemGroup>
</Project>