<?xml version="1.0" encoding="utf-8"?>
<Project ToolsVersion="4.0" xmlns="http://schemas.microsoft.com/developer/msbuild/2003">
  <ItemGroup>
    <ClInclude Include="EngineCore.h" />
    <ClInclude Include="EngineObject.h">
      <Filter>Object</Filter>
    </ClInclude>
    <ClInclude Include="EngineLevel.h">
      <Filter>Object\Level</Filter>
    </ClInclude>
    <ClInclude Include="EngineActor.h">
      <Filter>Object\Actor</Filter>
    </ClInclude>
    <ClInclude Include="EngineComponent.h">
      <Filter>Object\Component</Filter>
    </ClInclude>
    <ClInclude Include="PrecompileHeader.h">
      <Filter>Header</Filter>
    </ClInclude>
    <ClInclude Include="EngineDevice.h">
      <Filter>DirectX</Filter>
    </ClInclude>
    <ClInclude Include="imgui\imconfig.h">
      <Filter>GUI\imgui</Filter>
    </ClInclude>
    <ClInclude Include="imgui\imgui.h">
      <Filter>GUI\imgui</Filter>
    </ClInclude>
    <ClInclude Include="imgui\imgui_internal.h">
      <Filter>GUI\imgui</Filter>
    </ClInclude>
    <ClInclude Include="imgui\imstb_rectpack.h">
      <Filter>GUI\imgui</Filter>
    </ClInclude>
    <ClInclude Include="imgui\imstb_textedit.h">
      <Filter>GUI\imgui</Filter>
    </ClInclude>
    <ClInclude Include="imgui\imstb_truetype.h">
      <Filter>GUI\imgui</Filter>
    </ClInclude>
    <ClInclude Include="EngineGUI.h">
      <Filter>GUI</Filter>
    </ClInclude>
    <ClInclude Include="imgui\imgui_impl_dx11.h">
      <Filter>GUI\imgui</Filter>
    </ClInclude>
    <ClInclude Include="imgui\imgui_impl_win32.h">
      <Filter>GUI\imgui</Filter>
    </ClInclude>
    <ClInclude Include="EngineResorce.h">
      <Filter>Resorces</Filter>
    </ClInclude>
    <ClInclude Include="EngineNameTag.h">
      <Filter>Object</Filter>
    </ClInclude>
    <ClInclude Include="IEngineShader.h">
      <Filter>Resorces\Shader</Filter>
    </ClInclude>
    <ClInclude Include="EngineVertexShader.h">
      <Filter>Resorces\Shader</Filter>
    </ClInclude>
    <ClInclude Include="EnginePixelShader.h">
      <Filter>Resorces\Shader</Filter>
    </ClInclude>
    <ClInclude Include="EngineInputLayout.h">
      <Filter>Resorces\RenderingSetting</Filter>
    </ClInclude>
    <ClInclude Include="EngineVertex.h">
      <Filter>Resorces\Mesh</Filter>
    </ClInclude>
    <ClInclude Include="EngineVertexBuffer.h">
      <Filter>Resorces\Buffer</Filter>
    </ClInclude>
    <ClInclude Include="EngineDirectBuffer.h">
      <Filter>Resorces\Buffer</Filter>
    </ClInclude>
  </ItemGroup>
  <ItemGroup>
    <ClCompile Include="EngineCore.cpp" />
    <ClCompile Include="EngineObject.cpp">
      <Filter>Object</Filter>
    </ClCompile>
    <ClCompile Include="EngineLevel.cpp">
      <Filter>Object\Level</Filter>
    </ClCompile>
    <ClCompile Include="EngineActor.cpp">
      <Filter>Object\Actor</Filter>
    </ClCompile>
    <ClCompile Include="EngineComponent.cpp">
      <Filter>Object\Component</Filter>
    </ClCompile>
    <ClCompile Include="PrecompileHeader.cpp">
      <Filter>Header</Filter>
    </ClCompile>
    <ClCompile Include="EngineDevice.cpp">
      <Filter>DirectX</Filter>
    </ClCompile>
    <ClCompile Include="imgui\imgui.cpp">
      <Filter>GUI\imgui</Filter>
    </ClCompile>
    <ClCompile Include="imgui\imgui_demo.cpp">
      <Filter>GUI\imgui</Filter>
    </ClCompile>
    <ClCompile Include="imgui\imgui_draw.cpp">
      <Filter>GUI\imgui</Filter>
    </ClCompile>
    <ClCompile Include="imgui\imgui_tables.cpp">
      <Filter>GUI\imgui</Filter>
    </ClCompile>
    <ClCompile Include="imgui\imgui_widgets.cpp">
      <Filter>GUI\imgui</Filter>
    </ClCompile>
    <ClCompile Include="EngineGUI.cpp">
      <Filter>GUI</Filter>
    </ClCompile>
    <ClCompile Include="imgui\imgui_impl_dx11.cpp">
      <Filter>GUI\imgui</Filter>
    </ClCompile>
    <ClCompile Include="imgui\imgui_impl_win32.cpp">
      <Filter>GUI\imgui</Filter>
    </ClCompile>
    <ClCompile Include="EngineResorce.cpp">
      <Filter>Resorces</Filter>
    </ClCompile>
    <ClCompile Include="EngineNameTag.cpp">
      <Filter>Object</Filter>
    </ClCompile>
    <ClCompile Include="IEngineShader.cpp">
      <Filter>Resorces\Shader</Filter>
    </ClCompile>
    <ClCompile Include="EngineVertexShader.cpp">
      <Filter>Resorces\Shader</Filter>
    </ClCompile>
    <ClCompile Include="EnginePixelShader.cpp">
      <Filter>Resorces\Shader</Filter>
    </ClCompile>
    <ClCompile Include="EngineInputLayout.cpp">
      <Filter>Resorces\RenderingSetting</Filter>
    </ClCompile>
    <ClCompile Include="EngineVertex.cpp">
      <Filter>Resorces\Mesh</Filter>
    </ClCompile>
    <ClCompile Include="EngineVertexBuffer.cpp">
      <Filter>Resorces\Buffer</Filter>
    </ClCompile>
    <ClCompile Include="EngineDirectBuffer.cpp">
      <Filter>Resorces\Buffer</Filter>
    </ClCompile>
  </ItemGroup>
  <ItemGroup>
    <Filter Include="Object">
      <UniqueIdentifier>{f8c05134-bfc3-49a2-8313-4da621ae5fff}</UniqueIdentifier>
    </Filter>
    <Filter Include="Object\Actor">
      <UniqueIdentifier>{068389e7-ec6d-4867-9fe0-e820af87a232}</UniqueIdentifier>
    </Filter>
    <Filter Include="Object\Level">
      <UniqueIdentifier>{079bef41-74c8-4b42-a553-5ce086c339d0}</UniqueIdentifier>
    </Filter>
    <Filter Include="Object\Component">
      <UniqueIdentifier>{6eaab15c-0906-414c-8aa4-653aff6c600a}</UniqueIdentifier>
    </Filter>
    <Filter Include="Header">
      <UniqueIdentifier>{7e090830-0c7e-44e8-834b-699c5facaa76}</UniqueIdentifier>
    </Filter>
    <Filter Include="DirectX">
      <UniqueIdentifier>{da4ad1d9-f6f9-4d9b-a237-7d3541bc06ab}</UniqueIdentifier>
    </Filter>
    <Filter Include="GUI">
      <UniqueIdentifier>{543fd875-1e29-4886-9333-7624cd11c801}</UniqueIdentifier>
    </Filter>
    <Filter Include="GUI\imgui">
      <UniqueIdentifier>{2004e405-f211-401b-955f-8267ed3d6a06}</UniqueIdentifier>
    </Filter>
    <Filter Include="Resorces">
      <UniqueIdentifier>{61591fe9-939b-4669-b3c3-90a8d2da3907}</UniqueIdentifier>
    </Filter>
    <Filter Include="Resorces\Shader">
      <UniqueIdentifier>{6d96e00d-d4d0-44a8-9a62-45bebad261f7}</UniqueIdentifier>
    </Filter>
    <Filter Include="Resorces\RenderingSetting">
      <UniqueIdentifier>{6abb56d7-4c59-48eb-a97d-12c9914598ab}</UniqueIdentifier>
    </Filter>
    <Filter Include="Resorces\Mesh">
      <UniqueIdentifier>{202fefdc-9da5-4497-a285-85bcc320d71c}</UniqueIdentifier>
    </Filter>
    <Filter Include="Resorces\Buffer">
      <UniqueIdentifier>{6227d195-40a8-476a-9c9d-996e928fccc8}</UniqueIdentifier>
    </Filter>
  </ItemGroup>
</Project>